
Microsoft Visual Studio Solution File, Format Version 12.00
# Visual Studio Version 16
VisualStudioVersion = 16.0.33801.447
MinimumVisualStudioVersion = 10.0.40219.1
Project("{F184B08F-C81C-45F6-A57F-5ABD9991F28F}") = "Caculadora", "Caculadora\Caculadora.vbproj", "{87E48CC3-3448-40CD-BDD8-53C41564E10F}"
EndProject
Global
	GlobalSection(SolutionConfigurationPlatforms) = preSolution
		Debug|Any CPU = Debug|Any CPU
		Release|Any CPU = Release|Any CPU
	EndGlobalSection
	GlobalSection(ProjectConfigurationPlatforms) = postSolution
		{87E48CC3-3448-40CD-BDD8-53C41564E10F}.Debug|Any CPU.ActiveCfg = Debug|Any CPU
		{87E48CC3-3448-40CD-BDD8-53C41564E10F}.Debug|Any CPU.Build.0 = Debug|Any CPU
		{87E48CC3-3448-40CD-BDD8-53C41564E10F}.Release|Any CPU.ActiveCfg = Release|Any CPU
		{87E48CC3-3448-40CD-BDD8-53C41564E10F}.Release|Any CPU.Build.0 = Release|Any CPU
	EndGlobalSection
	GlobalSection(SolutionProperties) = preSolution
		HideSolutionNode = FALSE
	EndGlobalSection
	GlobalSection(ExtensibilityGlobals) = postSolution
		SolutionGuid = {659CEBBE-7E10-46EA-A69C-316F55734C79}
	EndGlobalSection
EndGlobal
